
Microsoft Visual Studio Solution File, Format Version 12.00
# Visual Studio Version 16
VisualStudioVersion = 16.0.29424.173
MinimumVisualStudioVersion = 10.0.40219.1
Project("{2150E333-8FDC-42A3-9474-1A3956D46DE8}") = "Business", "Business", "{428298BE-04FB-4610-8B1B-44D799F32EB2}"
EndProject
Project("{2150E333-8FDC-42A3-9474-1A3956D46DE8}") = "Data", "Data", "{3CC0498B-1436-4A9D-A700-863035D97B6A}"
EndProject
Project("{2150E333-8FDC-42A3-9474-1A3956D46DE8}") = "Hosts", "Hosts", "{B973E431-B369-448F-ABB0-D0DE437BE0CE}"
EndProject
Project("{2150E333-8FDC-42A3-9474-1A3956D46DE8}") = "Presentation", "Presentation", "{A2FFACAA-359F-4D6F-A83F-5B1E40879CD1}"
EndProject
Project("{2150E333-8FDC-42A3-9474-1A3956D46DE8}") = "Services", "Services", "{74B4B5D0-ED60-42A8-B4C5-56FE7D823B3C}"
EndProject
Project("{2150E333-8FDC-42A3-9474-1A3956D46DE8}") = "Shared", "Shared", "{EF6DD909-1C75-4CA9-8B41-AF39A4694DE6}"
EndProject
Project("{FAE04EC0-301F-11D3-BF4B-00C04F79EFBC}") = "MLPayment.Business", "MLPayment.Business\MLPayment.Business.csproj", "{72F2A624-8E81-4723-9ACD-4BFAD0436F22}"
EndProject
Project("{FAE04EC0-301F-11D3-BF4B-00C04F79EFBC}") = "MLPayment.Data", "MLPayment.Data\MLPayment.Data.csproj", "{1B298E32-2ABF-46FC-86C6-7BFB746FD76D}"
EndProject
Project("{FAE04EC0-301F-11D3-BF4B-00C04F79EFBC}") = "MLPayment.UI.Process", "MLPayment.UI.Process\MLPayment.UI.Process.csproj", "{96963C6D-C550-4ACD-B0A1-F950B2F44D5B}"
EndProject
Project("{FAE04EC0-301F-11D3-BF4B-00C04F79EFBC}") = "MLPayment.Hosts.Web", "MLPayment.Hosts.Web\MLPayment.Hosts.Web.csproj", "{47F55225-1C13-4DE0-863E-E57642F60769}"
EndProject
Project("{FAE04EC0-301F-11D3-BF4B-00C04F79EFBC}") = "MLPayment.Services", "MLPayment.Services\MLPayment.Services.csproj", "{FD1DB9C7-F5BB-427A-8B9D-35BF07D2BDD3}"
EndProject
Project("{FAE04EC0-301F-11D3-BF4B-00C04F79EFBC}") = "MLPayment.Services.Contracts", "MLPayment.Services.Contracts\MLPayment.Services.Contracts.csproj", "{252AA094-C9E9-4ADD-9A10-1E0E42398659}"
EndProject
Project("{FAE04EC0-301F-11D3-BF4B-00C04F79EFBC}") = "MLPayment.Services.Http", "MLPayment.Services.Http\MLPayment.Services.Http.csproj", "{36640D3D-C328-4D8A-A7C1-3613E99E7297}"
EndProject
Project("{FAE04EC0-301F-11D3-BF4B-00C04F79EFBC}") = "MLPayment.Entities", "MLPayment.Entities\MLPayment.Entities.csproj", "{44F4FEBC-3ABE-4022-98B5-59E7317ACB73}"
EndProject
Project("{FAE04EC0-301F-11D3-BF4B-00C04F79EFBC}") = "MLPayment.UI.Web", "MLPayment.UI.Web\MLPayment.UI.Web.csproj", "{3BD08F7E-1F0F-4A33-80E6-38660EB37C25}"
EndProject
Global
	GlobalSection(SolutionConfigurationPlatforms) = preSolution
		Debug|Any CPU = Debug|Any CPU
		Release|Any CPU = Release|Any CPU
	EndGlobalSection
	GlobalSection(ProjectConfigurationPlatforms) = postSolution
		{72F2A624-8E81-4723-9ACD-4BFAD0436F22}.Debug|Any CPU.ActiveCfg = Debug|Any CPU
		{72F2A624-8E81-4723-9ACD-4BFAD0436F22}.Debug|Any CPU.Build.0 = Debug|Any CPU
		{72F2A624-8E81-4723-9ACD-4BFAD0436F22}.Release|Any CPU.ActiveCfg = Release|Any CPU
		{72F2A624-8E81-4723-9ACD-4BFAD0436F22}.Release|Any CPU.Build.0 = Release|Any CPU
		{1B298E32-2ABF-46FC-86C6-7BFB746FD76D}.Debug|Any CPU.ActiveCfg = Debug|Any CPU
		{1B298E32-2ABF-46FC-86C6-7BFB746FD76D}.Debug|Any CPU.Build.0 = Debug|Any CPU
		{1B298E32-2ABF-46FC-86C6-7BFB746FD76D}.Release|Any CPU.ActiveCfg = Release|Any CPU
		{1B298E32-2ABF-46FC-86C6-7BFB746FD76D}.Release|Any CPU.Build.0 = Release|Any CPU
		{96963C6D-C550-4ACD-B0A1-F950B2F44D5B}.Debug|Any CPU.ActiveCfg = Debug|Any CPU
		{96963C6D-C550-4ACD-B0A1-F950B2F44D5B}.Debug|Any CPU.Build.0 = Debug|Any CPU
		{96963C6D-C550-4ACD-B0A1-F950B2F44D5B}.Release|Any CPU.ActiveCfg = Release|Any CPU
		{96963C6D-C550-4ACD-B0A1-F950B2F44D5B}.Release|Any CPU.Build.0 = Release|Any CPU
		{47F55225-1C13-4DE0-863E-E57642F60769}.Debug|Any CPU.ActiveCfg = Debug|Any CPU
		{47F55225-1C13-4DE0-863E-E57642F60769}.Debug|Any CPU.Build.0 = Debug|Any CPU
		{47F55225-1C13-4DE0-863E-E57642F60769}.Release|Any CPU.ActiveCfg = Release|Any CPU
		{47F55225-1C13-4DE0-863E-E57642F60769}.Release|Any CPU.Build.0 = Release|Any CPU
		{FD1DB9C7-F5BB-427A-8B9D-35BF07D2BDD3}.Debug|Any CPU.ActiveCfg = Debug|Any CPU
		{FD1DB9C7-F5BB-427A-8B9D-35BF07D2BDD3}.Debug|Any CPU.Build.0 = Debug|Any CPU
		{FD1DB9C7-F5BB-427A-8B9D-35BF07D2BDD3}.Release|Any CPU.ActiveCfg = Release|Any CPU
		{FD1DB9C7-F5BB-427A-8B9D-35BF07D2BDD3}.Release|Any CPU.Build.0 = Release|Any CPU
		{252AA094-C9E9-4ADD-9A10-1E0E42398659}.Debug|Any CPU.ActiveCfg = Debug|Any CPU
		{252AA094-C9E9-4ADD-9A10-1E0E42398659}.Debug|Any CPU.Build.0 = Debug|Any CPU
		{252AA094-C9E9-4ADD-9A10-1E0E42398659}.Release|Any CPU.ActiveCfg = Release|Any CPU
		{252AA094-C9E9-4ADD-9A10-1E0E42398659}.Release|Any CPU.Build.0 = Release|Any CPU
		{36640D3D-C328-4D8A-A7C1-3613E99E7297}.Debug|Any CPU.ActiveCfg = Debug|Any CPU
		{36640D3D-C328-4D8A-A7C1-3613E99E7297}.Debug|Any CPU.Build.0 = Debug|Any CPU
		{36640D3D-C328-4D8A-A7C1-3613E99E7297}.Release|Any CPU.ActiveCfg = Release|Any CPU
		{36640D3D-C328-4D8A-A7C1-3613E99E7297}.Release|Any CPU.Build.0 = Release|Any CPU
		{44F4FEBC-3ABE-4022-98B5-59E7317ACB73}.Debug|Any CPU.ActiveCfg = Debug|Any CPU
		{44F4FEBC-3ABE-4022-98B5-59E7317ACB73}.Debug|Any CPU.Build.0 = Debug|Any CPU
		{44F4FEBC-3ABE-4022-98B5-59E7317ACB73}.Release|Any CPU.ActiveCfg = Release|Any CPU
		{44F4FEBC-3ABE-4022-98B5-59E7317ACB73}.Release|Any CPU.Build.0 = Release|Any CPU
		{3BD08F7E-1F0F-4A33-80E6-38660EB37C25}.Debug|Any CPU.ActiveCfg = Debug|Any CPU
		{3BD08F7E-1F0F-4A33-80E6-38660EB37C25}.Debug|Any CPU.Build.0 = Debug|Any CPU
		{3BD08F7E-1F0F-4A33-80E6-38660EB37C25}.Release|Any CPU.ActiveCfg = Release|Any CPU
		{3BD08F7E-1F0F-4A33-80E6-38660EB37C25}.Release|Any CPU.Build.0 = Release|Any CPU
	EndGlobalSection
	GlobalSection(SolutionProperties) = preSolution
		HideSolutionNode = FALSE
	EndGlobalSection
	GlobalSection(NestedProjects) = preSolution
		{72F2A624-8E81-4723-9ACD-4BFAD0436F22} = {428298BE-04FB-4610-8B1B-44D799F32EB2}
		{1B298E32-2ABF-46FC-86C6-7BFB746FD76D} = {3CC0498B-1436-4A9D-A700-863035D97B6A}
		{96963C6D-C550-4ACD-B0A1-F950B2F44D5B} = {A2FFACAA-359F-4D6F-A83F-5B1E40879CD1}
		{47F55225-1C13-4DE0-863E-E57642F60769} = {B973E431-B369-448F-ABB0-D0DE437BE0CE}
		{FD1DB9C7-F5BB-427A-8B9D-35BF07D2BDD3} = {74B4B5D0-ED60-42A8-B4C5-56FE7D823B3C}
		{252AA094-C9E9-4ADD-9A10-1E0E42398659} = {74B4B5D0-ED60-42A8-B4C5-56FE7D823B3C}
		{36640D3D-C328-4D8A-A7C1-3613E99E7297} = {74B4B5D0-ED60-42A8-B4C5-56FE7D823B3C}
		{44F4FEBC-3ABE-4022-98B5-59E7317ACB73} = {EF6DD909-1C75-4CA9-8B41-AF39A4694DE6}
		{3BD08F7E-1F0F-4A33-80E6-38660EB37C25} = {A2FFACAA-359F-4D6F-A83F-5B1E40879CD1}
	EndGlobalSection
	GlobalSection(ExtensibilityGlobals) = postSolution
		EnterpriseLibraryConfigurationToolBinariesPathV6 = packages\EnterpriseLibrary.Common.6.0.1304.0\lib\NET45;packages\EnterpriseLibrary.Data.6.0.1304.0\lib\NET45
		SolutionGuid = {2253B5C6-90D7-4498-998F-24E75DD90E00}
	EndGlobalSection
EndGlobal
